
Microsoft Visual Studio Solution File, Format Version 12.00
# Visual Studio 14
VisualStudioVersion = 14.0.25420.1
MinimumVisualStudioVersion = 10.0.40219.1
Project("{FAE04EC0-301F-11D3-BF4B-00C04F79EFBC}") = "MemoSystem", "MemoSystem\MemoSystem.csproj", "{10004AE0-A793-4767-BACA-1251C72017FD}"
EndProject
Project("{FAE04EC0-301F-11D3-BF4B-00C04F79EFBC}") = "Model", "Model\Model.csproj", "{0730D65A-095B-4546-BED6-9C3FCF61358F}"
EndProject
Project("{FAE04EC0-301F-11D3-BF4B-00C04F79EFBC}") = "DAL", "DAL\DAL.csproj", "{3370394F-8B08-4E02-858E-3E106AA33597}"
EndProject
Project("{FAE04EC0-301F-11D3-BF4B-00C04F79EFBC}") = "BLL", "BLL\BLL.csproj", "{112C4E6C-49D5-4214-96E7-0A1B413D8CF2}"
EndProject
Global
	GlobalSection(SolutionConfigurationPlatforms) = preSolution
		Debug|Any CPU = Debug|Any CPU
		Release|Any CPU = Release|Any CPU
	EndGlobalSection
	GlobalSection(ProjectConfigurationPlatforms) = postSolution
		{10004AE0-A793-4767-BACA-1251C72017FD}.Debug|Any CPU.ActiveCfg = Debug|Any CPU
		{10004AE0-A793-4767-BACA-1251C72017FD}.Debug|Any CPU.Build.0 = Debug|Any CPU
		{10004AE0-A793-4767-BACA-1251C72017FD}.Release|Any CPU.ActiveCfg = Release|Any CPU
		{10004AE0-A793-4767-BACA-1251C72017FD}.Release|Any CPU.Build.0 = Release|Any CPU
		{0730D65A-095B-4546-BED6-9C3FCF61358F}.Debug|Any CPU.ActiveCfg = Debug|Any CPU
		{0730D65A-095B-4546-BED6-9C3FCF61358F}.Debug|Any CPU.Build.0 = Debug|Any CPU
		{0730D65A-095B-4546-BED6-9C3FCF61358F}.Release|Any CPU.ActiveCfg = Release|Any CPU
		{0730D65A-095B-4546-BED6-9C3FCF61358F}.Release|Any CPU.Build.0 = Release|Any CPU
		{3370394F-8B08-4E02-858E-3E106AA33597}.Debug|Any CPU.ActiveCfg = Debug|Any CPU
		{3370394F-8B08-4E02-858E-3E106AA33597}.Debug|Any CPU.Build.0 = Debug|Any CPU
		{3370394F-8B08-4E02-858E-3E106AA33597}.Release|Any CPU.ActiveCfg = Release|Any CPU
		{3370394F-8B08-4E02-858E-3E106AA33597}.Release|Any CPU.Build.0 = Release|Any CPU
		{112C4E6C-49D5-4214-96E7-0A1B413D8CF2}.Debug|Any CPU.ActiveCfg = Debug|Any CPU
		{112C4E6C-49D5-4214-96E7-0A1B413D8CF2}.Debug|Any CPU.Build.0 = Debug|Any CPU
		{112C4E6C-49D5-4214-96E7-0A1B413D8CF2}.Release|Any CPU.ActiveCfg = Release|Any CPU
		{112C4E6C-49D5-4214-96E7-0A1B413D8CF2}.Release|Any CPU.Build.0 = Release|Any CPU
	EndGlobalSection
	GlobalSection(SolutionProperties) = preSolution
		HideSolutionNode = FALSE
	EndGlobalSection
EndGlobal
